
Microsoft Visual Studio Solution File, Format Version 12.00
# Visual Studio Version 17
VisualStudioVersion = 17.9.34616.47
MinimumVisualStudioVersion = 10.0.40219.1
Project("{FAE04EC0-301F-11D3-BF4B-00C04F79EFBC}") = "SamanShop.UI", "SamanShop.UI\SamanShop.UI.csproj", "{BDDF22DE-72C7-4BFE-BE58-EDD687017203}"
EndProject
Project("{FAE04EC0-301F-11D3-BF4B-00C04F79EFBC}") = "SamanShop.Bussiness", "SamanShop.Bussiness\SamanShop.Bussiness.csproj", "{95FCD59B-D1B4-4979-A64D-A6ECF7AF8242}"
EndProject
Project("{FAE04EC0-301F-11D3-BF4B-00C04F79EFBC}") = "SmanaShop.DAL", "SmanaShop.DAL\SmanaShop.DAL.csproj", "{D6215708-AB03-4B6E-93E7-289B8C807127}"
EndProject
Global
	GlobalSection(SolutionConfigurationPlatforms) = preSolution
		Debug|Any CPU = Debug|Any CPU
		Release|Any CPU = Release|Any CPU
	EndGlobalSection
	GlobalSection(ProjectConfigurationPlatforms) = postSolution
		{BDDF22DE-72C7-4BFE-BE58-EDD687017203}.Debug|Any CPU.ActiveCfg = Debug|Any CPU
		{BDDF22DE-72C7-4BFE-BE58-EDD687017203}.Debug|Any CPU.Build.0 = Debug|Any CPU
		{BDDF22DE-72C7-4BFE-BE58-EDD687017203}.Release|Any CPU.ActiveCfg = Release|Any CPU
		{BDDF22DE-72C7-4BFE-BE58-EDD687017203}.Release|Any CPU.Build.0 = Release|Any CPU
		{95FCD59B-D1B4-4979-A64D-A6ECF7AF8242}.Debug|Any CPU.ActiveCfg = Debug|Any CPU
		{95FCD59B-D1B4-4979-A64D-A6ECF7AF8242}.Debug|Any CPU.Build.0 = Debug|Any CPU
		{95FCD59B-D1B4-4979-A64D-A6ECF7AF8242}.Release|Any CPU.ActiveCfg = Release|Any CPU
		{95FCD59B-D1B4-4979-A64D-A6ECF7AF8242}.Release|Any CPU.Build.0 = Release|Any CPU
		{D6215708-AB03-4B6E-93E7-289B8C807127}.Debug|Any CPU.ActiveCfg = Debug|Any CPU
		{D6215708-AB03-4B6E-93E7-289B8C807127}.Debug|Any CPU.Build.0 = Debug|Any CPU
		{D6215708-AB03-4B6E-93E7-289B8C807127}.Release|Any CPU.ActiveCfg = Release|Any CPU
		{D6215708-AB03-4B6E-93E7-289B8C807127}.Release|Any CPU.Build.0 = Release|Any CPU
	EndGlobalSection
	GlobalSection(SolutionProperties) = preSolution
		HideSolutionNode = FALSE
	EndGlobalSection
	GlobalSection(ExtensibilityGlobals) = postSolution
		SolutionGuid = {A6193122-19E1-4B46-8656-0913B613C58D}
	EndGlobalSection
EndGlobal
